<?xml version="1.0" encoding="utf-8"?>
<Project ToolsVersion="4.0" xmlns="http://schemas.microsoft.com/developer/msbuild/2003">
  <ItemGroup>
    <Filter Include="Source Files">
      <UniqueIdentifier>{4FC737F1-C7A5-4376-A066-2A32D752A2FF}</UniqueIdentifier>
      <Extensions>cpp;c;cc;cxx;def;odl;idl;hpj;bat;asm;asmx</Extensions>
    </Filter>
    <Filter Include="Header Files">
      <UniqueIdentifier>{93995380-89BD-4b04-88EB-625FBE52EBFB}</UniqueIdentifier>
      <Extensions>h;hh;hpp;hxx;hm;inl;inc;xsd</Extensions>
    </Filter>
    <Filter Include="Resource Files">
      <UniqueIdentifier>{67DA6AB6-F800-4c08-8B7A-83BB121AAD01}</UniqueIdentifier>
      <Extensions>rc;ico;cur;bmp;dlg;rc2;rct;bin;rgs;gif;jpg;jpeg;jpe;resx;tiff;tif;png;wav</Extensions>
    </Filter>
  </ItemGroup>
  <ItemGroup>
    <ClCompile Include="sources\ptcl_interpreter.c">
      <Filter>Source Files</Filter>
    </ClCompile>
    <ClCompile Include="sources\ptcl_lexer.c">
      <Filter>Source Files</Filter>
    </ClCompile>
    <ClCompile Include="sources\ptcl_parser.c">
      <Filter>Source Files</Filter>
    </ClCompile>
    <ClCompile Include="sources\ptcl_string_buffer.c">
      <Filter>Source Files</Filter>
    </ClCompile>
    <ClCompile Include="sources\ptcl_transpiler.c">
      <Filter>Source Files</Filter>
    </ClCompile>
    <ClCompile Include="tests\main.c">
      <Filter>Source Files</Filter>
    </ClCompile>
    <ClCompile Include="tests\unit\test_parser.c">
      <Filter>Source Files</Filter>
    </ClCompile>
  </ItemGroup>
  <ItemGroup>
    <ClInclude Include="includes\lexer\ptcl_lexer.h">
      <Filter>Header Files</Filter>
    </ClInclude>
    <ClInclude Include="includes\lexer\ptcl_lexer_configuration.h">
      <Filter>Header Files</Filter>
    </ClInclude>
    <ClInclude Include="includes\lexer\ptcl_token.h">
      <Filter>Header Files</Filter>
    </ClInclude>
    <ClInclude Include="includes\parser\ptcl_interpreter.h">
      <Filter>Header Files</Filter>
    </ClInclude>
    <ClInclude Include="includes\parser\ptcl_node.h">
      <Filter>Header Files</Filter>
    </ClInclude>
    <ClInclude Include="includes\parser\ptcl_parser.h">
      <Filter>Header Files</Filter>
    </ClInclude>
    <ClInclude Include="includes\parser\ptcl_parser_builder.h">
      <Filter>Header Files</Filter>
    </ClInclude>
    <ClInclude Include="includes\parser\ptcl_parser_error.h">
      <Filter>Header Files</Filter>
    </ClInclude>
    <ClInclude Include="includes\transpiler\ptcl_transpiler.h">
      <Filter>Header Files</Filter>
    </ClInclude>
    <ClInclude Include="includes\utilities\ptcl_string.h">
      <Filter>Header Files</Filter>
    </ClInclude>
    <ClInclude Include="includes\utilities\ptcl_string_buffer.h">
      <Filter>Header Files</Filter>
    </ClInclude>
  </ItemGroup>
</Project>